
Microsoft Visual Studio Solution File, Format Version 12.00
# Visual Studio Version 16
VisualStudioVersion = 16.0.30002.166
MinimumVisualStudioVersion = 10.0.40219.1
Project("{FAE04EC0-301F-11D3-BF4B-00C04F79EFBC}") = "ClassProject_V1.0", "ClassProject_V1.0.csproj", "{149E4E84-FA69-4821-BE6E-8534EC900177}"
EndProject
Project("{FAE04EC0-301F-11D3-BF4B-00C04F79EFBC}") = "MovieAPIPCL", "..\MovieAPIPCL\MovieAPIPCL.csproj", "{4C63D8DA-CCC0-406D-82FB-149BE9127C99}"
EndProject
Project("{FAE04EC0-301F-11D3-BF4B-00C04F79EFBC}") = "ForTesting", "..\ForTesting\ForTesting.csproj", "{F960008C-E87F-4006-A405-6D87A336017D}"
EndProject
Global
	GlobalSection(SolutionConfigurationPlatforms) = preSolution
		Debug|Any CPU = Debug|Any CPU
		Release|Any CPU = Release|Any CPU
	EndGlobalSection
	GlobalSection(ProjectConfigurationPlatforms) = postSolution
		{149E4E84-FA69-4821-BE6E-8534EC900177}.Debug|Any CPU.ActiveCfg = Debug|Any CPU
		{149E4E84-FA69-4821-BE6E-8534EC900177}.Debug|Any CPU.Build.0 = Debug|Any CPU
		{149E4E84-FA69-4821-BE6E-8534EC900177}.Release|Any CPU.ActiveCfg = Release|Any CPU
		{149E4E84-FA69-4821-BE6E-8534EC900177}.Release|Any CPU.Build.0 = Release|Any CPU
		{4C63D8DA-CCC0-406D-82FB-149BE9127C99}.Debug|Any CPU.ActiveCfg = Debug|Any CPU
		{4C63D8DA-CCC0-406D-82FB-149BE9127C99}.Debug|Any CPU.Build.0 = Debug|Any CPU
		{4C63D8DA-CCC0-406D-82FB-149BE9127C99}.Release|Any CPU.ActiveCfg = Release|Any CPU
		{4C63D8DA-CCC0-406D-82FB-149BE9127C99}.Release|Any CPU.Build.0 = Release|Any CPU
		{F960008C-E87F-4006-A405-6D87A336017D}.Debug|Any CPU.ActiveCfg = Debug|Any CPU
		{F960008C-E87F-4006-A405-6D87A336017D}.Debug|Any CPU.Build.0 = Debug|Any CPU
		{F960008C-E87F-4006-A405-6D87A336017D}.Release|Any CPU.ActiveCfg = Release|Any CPU
		{F960008C-E87F-4006-A405-6D87A336017D}.Release|Any CPU.Build.0 = Release|Any CPU
	EndGlobalSection
	GlobalSection(SolutionProperties) = preSolution
		HideSolutionNode = FALSE
	EndGlobalSection
	GlobalSection(ExtensibilityGlobals) = postSolution
		SolutionGuid = {0A967A88-9490-4302-B5A6-0CF4ED79EF03}
	EndGlobalSection
EndGlobal
